
Microsoft Visual Studio Solution File, Format Version 12.00
# Visual Studio Version 16
VisualStudioVersion = 16.0.30804.86
MinimumVisualStudioVersion = 10.0.40219.1
Project("{FAE04EC0-301F-11D3-BF4B-00C04F79EFBC}") = "NewUdemy_StopWatch", "NewUdemy_StopWatch\NewUdemy_StopWatch.csproj", "{6EFB6B92-76FC-4F6C-8A2D-A1A97C2A4AFF}"
EndProject
Global
	GlobalSection(SolutionConfigurationPlatforms) = preSolution
		Debug|Any CPU = Debug|Any CPU
		Release|Any CPU = Release|Any CPU
	EndGlobalSection
	GlobalSection(ProjectConfigurationPlatforms) = postSolution
		{6EFB6B92-76FC-4F6C-8A2D-A1A97C2A4AFF}.Debug|Any CPU.ActiveCfg = Debug|Any CPU
		{6EFB6B92-76FC-4F6C-8A2D-A1A97C2A4AFF}.Debug|Any CPU.Build.0 = Debug|Any CPU
		{6EFB6B92-76FC-4F6C-8A2D-A1A97C2A4AFF}.Release|Any CPU.ActiveCfg = Release|Any CPU
		{6EFB6B92-76FC-4F6C-8A2D-A1A97C2A4AFF}.Release|Any CPU.Build.0 = Release|Any CPU
	EndGlobalSection
	GlobalSection(SolutionProperties) = preSolution
		HideSolutionNode = FALSE
	EndGlobalSection
	GlobalSection(ExtensibilityGlobals) = postSolution
		SolutionGuid = {25F44063-1EFC-437C-A490-B5F55F551A50}
	EndGlobalSection
EndGlobal
